
Microsoft Visual Studio Solution File, Format Version 12.00
# Visual Studio 15
VisualStudioVersion = 15.0.28307.539
MinimumVisualStudioVersion = 10.0.40219.1
Project("{FAE04EC0-301F-11D3-BF4B-00C04F79EFBC}") = "Unity5.x_PureMVC", "Unity5.x_PureMVC\Unity5.x_PureMVC.csproj", "{0BD1AF44-E281-410E-B39F-6E13EF7AB802}"
EndProject
Global
	GlobalSection(SolutionConfigurationPlatforms) = preSolution
		Debug|Any CPU = Debug|Any CPU
		Release|Any CPU = Release|Any CPU
	EndGlobalSection
	GlobalSection(ProjectConfigurationPlatforms) = postSolution
		{0BD1AF44-E281-410E-B39F-6E13EF7AB802}.Debug|Any CPU.ActiveCfg = Debug|Any CPU
		{0BD1AF44-E281-410E-B39F-6E13EF7AB802}.Debug|Any CPU.Build.0 = Debug|Any CPU
		{0BD1AF44-E281-410E-B39F-6E13EF7AB802}.Release|Any CPU.ActiveCfg = Release|Any CPU
		{0BD1AF44-E281-410E-B39F-6E13EF7AB802}.Release|Any CPU.Build.0 = Release|Any CPU
	EndGlobalSection
	GlobalSection(SolutionProperties) = preSolution
		HideSolutionNode = FALSE
	EndGlobalSection
	GlobalSection(ExtensibilityGlobals) = postSolution
		SolutionGuid = {82C87D78-7E41-42A3-AA48-084A3F4BCA44}
	EndGlobalSection
EndGlobal
